<?xml version="1.0" encoding="utf-8"?>
<Project ToolsVersion="4.0" xmlns="http://schemas.microsoft.com/developer/msbuild/2003">
  <ItemGroup>
    <Filter Include="Header Files">
      <UniqueIdentifier>{93995380-89BD-4b04-88EB-625FBE52EBFB}</UniqueIdentifier>
      <Extensions>h;hh;hpp;hxx;hm;inl;inc;ipp;xsd</Extensions>
    </Filter>
    <Filter Include="Translation Heads">
      <UniqueIdentifier>{4FC737F1-C7A5-4376-A066-2A32D752A2FF}</UniqueIdentifier>
      <Extensions>cpp;c;cc;cxx;def;odl;idl;hpj;bat;asm;asmx</Extensions>
    </Filter>
    <Filter Include="Subordinated Source Files">
      <UniqueIdentifier>{46d4b039-f10b-4040-b9b4-23b51bd299a7}</UniqueIdentifier>
    </Filter>
    <Filter Include="Header internal">
      <UniqueIdentifier>{712e431b-915a-4d54-bca7-a282ef94365b}</UniqueIdentifier>
    </Filter>
  </ItemGroup>
  <ItemGroup>
    <ClCompile Include="$(CodePath)\s_all\bmps.th">
      <Filter>Translation Heads</Filter>
    </ClCompile>
  </ItemGroup>
  <ItemGroup>
    <ClInclude Include="$(CodePath)\s_all\escritura_raster8.c">
      <Filter>Subordinated Source Files</Filter>
    </ClInclude>
    <ClInclude Include="$(CodePath)\s_all\escritura_raster16.c">
      <Filter>Subordinated Source Files</Filter>
    </ClInclude>
    <ClInclude Include="$(CodePath)\include\str_raster.h">
      <Filter>Header Files</Filter>
    </ClInclude>
    <ClInclude Include="$(CodePath)\s_all\escritura_georref.c">
      <Filter>Subordinated Source Files</Filter>
    </ClInclude>
    <ClInclude Include="$(CodePath)\s_all\tablas_color.c">
      <Filter>Subordinated Source Files</Filter>
    </ClInclude>
    <ClInclude Include="$(CodePath)\include\bmps.h">
      <Filter>Header Files</Filter>
    </ClInclude>
    <ClInclude Include="$(CodePath)\s_all\bmp_read.c">
      <Filter>Subordinated Source Files</Filter>
    </ClInclude>
    <ClInclude Include="$(CodePath)\include\bmp_geo.h">
      <Filter>Header Files</Filter>
    </ClInclude>
  </ItemGroup>
  <ItemGroup>
    <None Include="$(CodePath)\bmps.def" />
  </ItemGroup>
</Project>