<?xml version="1.0" encoding="utf-8"?>
<Project>
  <ItemGroup>
    <Filter Include="Header Files">
      <UniqueIdentifier>{93995380-89BD-4b04-88EB-625FBE52EBFB}</UniqueIdentifier>
      <Extensions>h;hh;hpp;hxx;hm;inl;inc;ipp;xsd</Extensions>
    </Filter>
    <Filter Include="Header internal">
      <UniqueIdentifier>{812d0ce0-51af-4cc6-ba84-e6dcb1d7de3a}</UniqueIdentifier>
    </Filter>
  </ItemGroup>
  <ItemGroup>
    <None Include="..\programas\matrizTierra\matrizTierra.def" />
  </ItemGroup>
</Project>