<?xml version="1.0" encoding="utf-8"?>
<Project>
  <ItemGroup>
    <Filter Include="Translation Heads">
      <UniqueIdentifier>{4FC737F1-C7A5-4376-A066-2A32D752A2FF}</UniqueIdentifier>
      <Extensions>cpp;c;cc;cxx;def;odl;idl;hpj;bat;asm;asmx</Extensions>
    </Filter>
    <Filter Include="Subordinated Source Files">
      <UniqueIdentifier>{6dba4929-24f8-429e-b8d2-03f2b73a92a8}</UniqueIdentifier>
    </Filter>
    <Filter Include="Header Files">
      <UniqueIdentifier>{93995380-89BD-4b04-88EB-625FBE52EBFB}</UniqueIdentifier>
      <Extensions>h;hh;hpp;hxx;hm;inl;inc;ipp;xsd</Extensions>
    </Filter>
    <Filter Include="Header internal">
      <UniqueIdentifier>{812d0ce0-51af-4cc6-ba84-e6dcb1d7de3a}</UniqueIdentifier>
    </Filter>
  </ItemGroup>
  <ItemGroup>
    <ClInclude Include="$(CodePath)\include\str_clips.h">
      <Filter>Header Files</Filter>
    </ClInclude>
    <ClInclude Include="$(CodePath)\s_polígonos\lee_clip.c">
      <Filter>Subordinated Source Files</Filter>
    </ClInclude>
    <ClInclude Include="$(CodePath)\include\clip_áreas.h">
      <Filter>Header Files</Filter>
    </ClInclude>
    <ClInclude Include="$(CodePath)\s_polígonos\lee_clip_inline.c">
      <Filter>Subordinated Source Files</Filter>
    </ClInclude>
    <ClInclude Include="$(CodePath)\s_polígonos\aplica_clip.c">
      <Filter>Subordinated Source Files</Filter>
    </ClInclude>
  </ItemGroup>
  <ItemGroup>
    <ClCompile Include="$(CodePath)\s_polígonos\polígonos.th">
      <Filter>Translation Heads</Filter>
    </ClCompile>
  </ItemGroup>
</Project>